
Microsoft Visual Studio Solution File, Format Version 12.00
# Visual Studio Version 16
VisualStudioVersion = 16.0.32602.291
MinimumVisualStudioVersion = 10.0.40219.1
Project("{FAE04EC0-301F-11D3-BF4B-00C04F79EFBC}") = "PatientWebAPI", "Patient\PatientWebAPI.csproj", "{2CD84573-F1EC-4313-9C5F-817A412A7711}"
EndProject
Project("{2150E333-8FDC-42A3-9474-1A3956D46DE8}") = "API LAYER", "API LAYER", "{404C7201-D3D5-40BF-97FD-CA5873926330}"
EndProject
Project("{2150E333-8FDC-42A3-9474-1A3956D46DE8}") = "BUSINESS LAYER", "BUSINESS LAYER", "{5448A2C7-6B9C-4634-A59B-405090518F0A}"
EndProject
Project("{FAE04EC0-301F-11D3-BF4B-00C04F79EFBC}") = "Patient.BusinessLayer", "Patient.BusinessLayer\Patient.BusinessLayer.csproj", "{B01A3C47-D780-4750-84DF-AD507527244A}"
EndProject
Project("{2150E333-8FDC-42A3-9474-1A3956D46DE8}") = "DA LAYER", "DA LAYER", "{A4892618-6723-4A6A-8D65-1E081A049E37}"
EndProject
Project("{FAE04EC0-301F-11D3-BF4B-00C04F79EFBC}") = "Patients.DALayer", "Patients.DALayer\Patients.DALayer.csproj", "{999EC6A2-88CA-4DCE-89C1-C156C8C663CB}"
EndProject
Project("{2150E333-8FDC-42A3-9474-1A3956D46DE8}") = "DTO", "DTO", "{1399DF78-A1F6-4A3E-A31B-A4C9C8E0DC30}"
EndProject
Project("{FAE04EC0-301F-11D3-BF4B-00C04F79EFBC}") = "DTO's", "DTO's\DTO's.csproj", "{A58B5AAF-9F21-43DE-B4C1-26FA4F6BA585}"
EndProject
Project("{2150E333-8FDC-42A3-9474-1A3956D46DE8}") = "REPOSITORIES", "REPOSITORIES", "{745369DF-8015-42C7-B427-FED973D37548}"
EndProject
Project("{FAE04EC0-301F-11D3-BF4B-00C04F79EFBC}") = "Repository", "Repository\Repository.csproj", "{DE523F10-302D-4490-B8BA-2B3A2C65FD41}"
EndProject
Global
	GlobalSection(SolutionConfigurationPlatforms) = preSolution
		Debug|Any CPU = Debug|Any CPU
		Release|Any CPU = Release|Any CPU
	EndGlobalSection
	GlobalSection(ProjectConfigurationPlatforms) = postSolution
		{2CD84573-F1EC-4313-9C5F-817A412A7711}.Debug|Any CPU.ActiveCfg = Debug|Any CPU
		{2CD84573-F1EC-4313-9C5F-817A412A7711}.Debug|Any CPU.Build.0 = Debug|Any CPU
		{2CD84573-F1EC-4313-9C5F-817A412A7711}.Release|Any CPU.ActiveCfg = Release|Any CPU
		{2CD84573-F1EC-4313-9C5F-817A412A7711}.Release|Any CPU.Build.0 = Release|Any CPU
		{B01A3C47-D780-4750-84DF-AD507527244A}.Debug|Any CPU.ActiveCfg = Debug|Any CPU
		{B01A3C47-D780-4750-84DF-AD507527244A}.Debug|Any CPU.Build.0 = Debug|Any CPU
		{B01A3C47-D780-4750-84DF-AD507527244A}.Release|Any CPU.ActiveCfg = Release|Any CPU
		{B01A3C47-D780-4750-84DF-AD507527244A}.Release|Any CPU.Build.0 = Release|Any CPU
		{999EC6A2-88CA-4DCE-89C1-C156C8C663CB}.Debug|Any CPU.ActiveCfg = Debug|Any CPU
		{999EC6A2-88CA-4DCE-89C1-C156C8C663CB}.Debug|Any CPU.Build.0 = Debug|Any CPU
		{999EC6A2-88CA-4DCE-89C1-C156C8C663CB}.Release|Any CPU.ActiveCfg = Release|Any CPU
		{999EC6A2-88CA-4DCE-89C1-C156C8C663CB}.Release|Any CPU.Build.0 = Release|Any CPU
		{A58B5AAF-9F21-43DE-B4C1-26FA4F6BA585}.Debug|Any CPU.ActiveCfg = Debug|Any CPU
		{A58B5AAF-9F21-43DE-B4C1-26FA4F6BA585}.Debug|Any CPU.Build.0 = Debug|Any CPU
		{A58B5AAF-9F21-43DE-B4C1-26FA4F6BA585}.Release|Any CPU.ActiveCfg = Release|Any CPU
		{A58B5AAF-9F21-43DE-B4C1-26FA4F6BA585}.Release|Any CPU.Build.0 = Release|Any CPU
		{DE523F10-302D-4490-B8BA-2B3A2C65FD41}.Debug|Any CPU.ActiveCfg = Debug|Any CPU
		{DE523F10-302D-4490-B8BA-2B3A2C65FD41}.Debug|Any CPU.Build.0 = Debug|Any CPU
		{DE523F10-302D-4490-B8BA-2B3A2C65FD41}.Release|Any CPU.ActiveCfg = Release|Any CPU
		{DE523F10-302D-4490-B8BA-2B3A2C65FD41}.Release|Any CPU.Build.0 = Release|Any CPU
	EndGlobalSection
	GlobalSection(SolutionProperties) = preSolution
		HideSolutionNode = FALSE
	EndGlobalSection
	GlobalSection(NestedProjects) = preSolution
		{2CD84573-F1EC-4313-9C5F-817A412A7711} = {404C7201-D3D5-40BF-97FD-CA5873926330}
		{B01A3C47-D780-4750-84DF-AD507527244A} = {5448A2C7-6B9C-4634-A59B-405090518F0A}
		{999EC6A2-88CA-4DCE-89C1-C156C8C663CB} = {A4892618-6723-4A6A-8D65-1E081A049E37}
		{A58B5AAF-9F21-43DE-B4C1-26FA4F6BA585} = {1399DF78-A1F6-4A3E-A31B-A4C9C8E0DC30}
		{DE523F10-302D-4490-B8BA-2B3A2C65FD41} = {745369DF-8015-42C7-B427-FED973D37548}
	EndGlobalSection
	GlobalSection(ExtensibilityGlobals) = postSolution
		SolutionGuid = {EEB7A24E-2B06-4938-9604-EB22F4EBAA83}
	EndGlobalSection
EndGlobal
